
Microsoft Visual Studio Solution File, Format Version 12.00
# Visual Studio Version 16
VisualStudioVersion = 16.0.31025.194
MinimumVisualStudioVersion = 10.0.40219.1
Project("{FAE04EC0-301F-11D3-BF4B-00C04F79EFBC}") = "Delegates_HW", "Delegates_HW\Delegates_HW.csproj", "{79EF5E09-04F3-4279-99F6-04F05DE1487C}"
EndProject
Global
	GlobalSection(SolutionConfigurationPlatforms) = preSolution
		Debug|Any CPU = Debug|Any CPU
		Release|Any CPU = Release|Any CPU
	EndGlobalSection
	GlobalSection(ProjectConfigurationPlatforms) = postSolution
		{79EF5E09-04F3-4279-99F6-04F05DE1487C}.Debug|Any CPU.ActiveCfg = Debug|Any CPU
		{79EF5E09-04F3-4279-99F6-04F05DE1487C}.Debug|Any CPU.Build.0 = Debug|Any CPU
		{79EF5E09-04F3-4279-99F6-04F05DE1487C}.Release|Any CPU.ActiveCfg = Release|Any CPU
		{79EF5E09-04F3-4279-99F6-04F05DE1487C}.Release|Any CPU.Build.0 = Release|Any CPU
	EndGlobalSection
	GlobalSection(SolutionProperties) = preSolution
		HideSolutionNode = FALSE
	EndGlobalSection
	GlobalSection(ExtensibilityGlobals) = postSolution
		SolutionGuid = {12C96C7C-0F6A-44AE-A32D-E6CE38BDFE43}
	EndGlobalSection
EndGlobal
