
Microsoft Visual Studio Solution File, Format Version 12.00
# Visual Studio Version 16
VisualStudioVersion = 16.0.30907.101
MinimumVisualStudioVersion = 10.0.40219.1
Project("{FAE04EC0-301F-11D3-BF4B-00C04F79EFBC}") = "ListsAndDictionariesHW", "ListsAndDictionariesHW\ListsAndDictionariesHW.csproj", "{111A4CB7-187C-483B-B173-7C9C431DE157}"
EndProject
Global
	GlobalSection(SolutionConfigurationPlatforms) = preSolution
		Debug|Any CPU = Debug|Any CPU
		Release|Any CPU = Release|Any CPU
	EndGlobalSection
	GlobalSection(ProjectConfigurationPlatforms) = postSolution
		{111A4CB7-187C-483B-B173-7C9C431DE157}.Debug|Any CPU.ActiveCfg = Debug|Any CPU
		{111A4CB7-187C-483B-B173-7C9C431DE157}.Debug|Any CPU.Build.0 = Debug|Any CPU
		{111A4CB7-187C-483B-B173-7C9C431DE157}.Release|Any CPU.ActiveCfg = Release|Any CPU
		{111A4CB7-187C-483B-B173-7C9C431DE157}.Release|Any CPU.Build.0 = Release|Any CPU
	EndGlobalSection
	GlobalSection(SolutionProperties) = preSolution
		HideSolutionNode = FALSE
	EndGlobalSection
	GlobalSection(ExtensibilityGlobals) = postSolution
		SolutionGuid = {F7DC8D27-078E-45CC-BEA4-FDD91171D0B7}
	EndGlobalSection
EndGlobal
