
Microsoft Visual Studio Solution File, Format Version 12.00
# Visual Studio Version 16
VisualStudioVersion = 16.0.31025.194
MinimumVisualStudioVersion = 10.0.40219.1
Project("{FAE04EC0-301F-11D3-BF4B-00C04F79EFBC}") = "WeatherCalulator_HW", "WeatherCalulator_HW\WeatherCalulator_HW.csproj", "{617814C3-D052-425F-86CA-91212C24545D}"
EndProject
Global
	GlobalSection(SolutionConfigurationPlatforms) = preSolution
		Debug|Any CPU = Debug|Any CPU
		Release|Any CPU = Release|Any CPU
	EndGlobalSection
	GlobalSection(ProjectConfigurationPlatforms) = postSolution
		{617814C3-D052-425F-86CA-91212C24545D}.Debug|Any CPU.ActiveCfg = Debug|Any CPU
		{617814C3-D052-425F-86CA-91212C24545D}.Debug|Any CPU.Build.0 = Debug|Any CPU
		{617814C3-D052-425F-86CA-91212C24545D}.Release|Any CPU.ActiveCfg = Release|Any CPU
		{617814C3-D052-425F-86CA-91212C24545D}.Release|Any CPU.Build.0 = Release|Any CPU
	EndGlobalSection
	GlobalSection(SolutionProperties) = preSolution
		HideSolutionNode = FALSE
	EndGlobalSection
	GlobalSection(ExtensibilityGlobals) = postSolution
		SolutionGuid = {FE818EAE-FC85-4867-A1C3-8DCEFA7DAFB8}
	EndGlobalSection
EndGlobal
