
Microsoft Visual Studio Solution File, Format Version 12.00
# Visual Studio Version 16
VisualStudioVersion = 16.0.30907.101
MinimumVisualStudioVersion = 10.0.40219.1
Project("{FAE04EC0-301F-11D3-BF4B-00C04F79EFBC}") = "MathApp", "MathApp\MathApp.csproj", "{1180AA85-EB4B-4A73-82D3-66C024575ADD}"
EndProject
Global
	GlobalSection(SolutionConfigurationPlatforms) = preSolution
		Debug|Any CPU = Debug|Any CPU
		Release|Any CPU = Release|Any CPU
	EndGlobalSection
	GlobalSection(ProjectConfigurationPlatforms) = postSolution
		{1180AA85-EB4B-4A73-82D3-66C024575ADD}.Debug|Any CPU.ActiveCfg = Debug|Any CPU
		{1180AA85-EB4B-4A73-82D3-66C024575ADD}.Debug|Any CPU.Build.0 = Debug|Any CPU
		{1180AA85-EB4B-4A73-82D3-66C024575ADD}.Release|Any CPU.ActiveCfg = Release|Any CPU
		{1180AA85-EB4B-4A73-82D3-66C024575ADD}.Release|Any CPU.Build.0 = Release|Any CPU
	EndGlobalSection
	GlobalSection(SolutionProperties) = preSolution
		HideSolutionNode = FALSE
	EndGlobalSection
	GlobalSection(ExtensibilityGlobals) = postSolution
		SolutionGuid = {90DD94C3-64FC-446D-9D4A-F2265958DE1C}
	EndGlobalSection
EndGlobal
