
Microsoft Visual Studio Solution File, Format Version 12.00
# Visual Studio Version 16
VisualStudioVersion = 16.0.30907.101
MinimumVisualStudioVersion = 10.0.40219.1
Project("{FAE04EC0-301F-11D3-BF4B-00C04F79EFBC}") = "MathLibrary", "MathLibrary\MathLibrary.csproj", "{8669DA6F-8853-46D7-8C58-91A7F4BBCF56}"
EndProject
Global
	GlobalSection(SolutionConfigurationPlatforms) = preSolution
		Debug|Any CPU = Debug|Any CPU
		Release|Any CPU = Release|Any CPU
	EndGlobalSection
	GlobalSection(ProjectConfigurationPlatforms) = postSolution
		{8669DA6F-8853-46D7-8C58-91A7F4BBCF56}.Debug|Any CPU.ActiveCfg = Debug|Any CPU
		{8669DA6F-8853-46D7-8C58-91A7F4BBCF56}.Debug|Any CPU.Build.0 = Debug|Any CPU
		{8669DA6F-8853-46D7-8C58-91A7F4BBCF56}.Release|Any CPU.ActiveCfg = Release|Any CPU
		{8669DA6F-8853-46D7-8C58-91A7F4BBCF56}.Release|Any CPU.Build.0 = Release|Any CPU
	EndGlobalSection
	GlobalSection(SolutionProperties) = preSolution
		HideSolutionNode = FALSE
	EndGlobalSection
	GlobalSection(ExtensibilityGlobals) = postSolution
		SolutionGuid = {5AFE774E-F3E7-47EA-A23A-BC5E90B8854A}
	EndGlobalSection
EndGlobal
