
Microsoft Visual Studio Solution File, Format Version 12.00
# Visual Studio Version 16
VisualStudioVersion = 16.0.31025.194
MinimumVisualStudioVersion = 10.0.40219.1
Project("{FAE04EC0-301F-11D3-BF4B-00C04F79EFBC}") = "ExceptionHandling_HW", "ExceptionHandling_HW\ExceptionHandling_HW.csproj", "{0279DD0F-B0E4-40D4-B008-60A791C624C8}"
EndProject
Global
	GlobalSection(SolutionConfigurationPlatforms) = preSolution
		Debug|Any CPU = Debug|Any CPU
		Release|Any CPU = Release|Any CPU
	EndGlobalSection
	GlobalSection(ProjectConfigurationPlatforms) = postSolution
		{0279DD0F-B0E4-40D4-B008-60A791C624C8}.Debug|Any CPU.ActiveCfg = Debug|Any CPU
		{0279DD0F-B0E4-40D4-B008-60A791C624C8}.Debug|Any CPU.Build.0 = Debug|Any CPU
		{0279DD0F-B0E4-40D4-B008-60A791C624C8}.Release|Any CPU.ActiveCfg = Release|Any CPU
		{0279DD0F-B0E4-40D4-B008-60A791C624C8}.Release|Any CPU.Build.0 = Release|Any CPU
	EndGlobalSection
	GlobalSection(SolutionProperties) = preSolution
		HideSolutionNode = FALSE
	EndGlobalSection
	GlobalSection(ExtensibilityGlobals) = postSolution
		SolutionGuid = {0EA71B40-39D4-44C5-9677-161EBA148CD6}
	EndGlobalSection
EndGlobal
